
Microsoft Visual Studio Solution File, Format Version 12.00
# Visual Studio Version 17
VisualStudioVersion = 17.0.31903.59
MinimumVisualStudioVersion = 10.0.40219.1
Project("{FAE04EC0-301F-11D3-BF4B-00C04F79EFBC}") = "Narrarium.Sdk", "Narrarium.Sdk\Narrarium.Sdk.csproj", "{2EE411CF-1ED2-4D52-A9AF-C3899F2A7454}"
EndProject
Project("{FAE04EC0-301F-11D3-BF4B-00C04F79EFBC}") = "Narrarium.Sdk.AspNetCore", "Narrarium.Sdk.AspNetCore\Narrarium.Sdk.AspNetCore.csproj", "{A937F614-B6A6-4956-88D0-093B222CF1E8}"
EndProject
Project("{FAE04EC0-301F-11D3-BF4B-00C04F79EFBC}") = "Narrarium.Sdk.Tests", "Narrarium.Sdk.Tests\Narrarium.Sdk.Tests.csproj", "{6F3BE383-EEA2-4DE1-9F1F-B7670A7FD732}"
EndProject
Global
	GlobalSection(SolutionConfigurationPlatforms) = preSolution
		Debug|Any CPU = Debug|Any CPU
		Debug|x64 = Debug|x64
		Debug|x86 = Debug|x86
		Release|Any CPU = Release|Any CPU
		Release|x64 = Release|x64
		Release|x86 = Release|x86
	EndGlobalSection
	GlobalSection(ProjectConfigurationPlatforms) = postSolution
		{2EE411CF-1ED2-4D52-A9AF-C3899F2A7454}.Debug|Any CPU.ActiveCfg = Debug|Any CPU
		{2EE411CF-1ED2-4D52-A9AF-C3899F2A7454}.Debug|Any CPU.Build.0 = Debug|Any CPU
		{2EE411CF-1ED2-4D52-A9AF-C3899F2A7454}.Debug|x64.ActiveCfg = Debug|Any CPU
		{2EE411CF-1ED2-4D52-A9AF-C3899F2A7454}.Debug|x64.Build.0 = Debug|Any CPU
		{2EE411CF-1ED2-4D52-A9AF-C3899F2A7454}.Debug|x86.ActiveCfg = Debug|Any CPU
		{2EE411CF-1ED2-4D52-A9AF-C3899F2A7454}.Debug|x86.Build.0 = Debug|Any CPU
		{2EE411CF-1ED2-4D52-A9AF-C3899F2A7454}.Release|Any CPU.ActiveCfg = Release|Any CPU
		{2EE411CF-1ED2-4D52-A9AF-C3899F2A7454}.Release|Any CPU.Build.0 = Release|Any CPU
		{2EE411CF-1ED2-4D52-A9AF-C3899F2A7454}.Release|x64.ActiveCfg = Release|Any CPU
		{2EE411CF-1ED2-4D52-A9AF-C3899F2A7454}.Release|x64.Build.0 = Release|Any CPU
		{2EE411CF-1ED2-4D52-A9AF-C3899F2A7454}.Release|x86.ActiveCfg = Release|Any CPU
		{2EE411CF-1ED2-4D52-A9AF-C3899F2A7454}.Release|x86.Build.0 = Release|Any CPU
		{A937F614-B6A6-4956-88D0-093B222CF1E8}.Debug|Any CPU.ActiveCfg = Debug|Any CPU
		{A937F614-B6A6-4956-88D0-093B222CF1E8}.Debug|Any CPU.Build.0 = Debug|Any CPU
		{A937F614-B6A6-4956-88D0-093B222CF1E8}.Debug|x64.ActiveCfg = Debug|Any CPU
		{A937F614-B6A6-4956-88D0-093B222CF1E8}.Debug|x64.Build.0 = Debug|Any CPU
		{A937F614-B6A6-4956-88D0-093B222CF1E8}.Debug|x86.ActiveCfg = Debug|Any CPU
		{A937F614-B6A6-4956-88D0-093B222CF1E8}.Debug|x86.Build.0 = Debug|Any CPU
		{A937F614-B6A6-4956-88D0-093B222CF1E8}.Release|Any CPU.ActiveCfg = Release|Any CPU
		{A937F614-B6A6-4956-88D0-093B222CF1E8}.Release|Any CPU.Build.0 = Release|Any CPU
		{A937F614-B6A6-4956-88D0-093B222CF1E8}.Release|x64.ActiveCfg = Release|Any CPU
		{A937F614-B6A6-4956-88D0-093B222CF1E8}.Release|x64.Build.0 = Release|Any CPU
		{A937F614-B6A6-4956-88D0-093B222CF1E8}.Release|x86.ActiveCfg = Release|Any CPU
		{A937F614-B6A6-4956-88D0-093B222CF1E8}.Release|x86.Build.0 = Release|Any CPU
		{6F3BE383-EEA2-4DE1-9F1F-B7670A7FD732}.Debug|Any CPU.ActiveCfg = Debug|Any CPU
		{6F3BE383-EEA2-4DE1-9F1F-B7670A7FD732}.Debug|Any CPU.Build.0 = Debug|Any CPU
		{6F3BE383-EEA2-4DE1-9F1F-B7670A7FD732}.Debug|x64.ActiveCfg = Debug|Any CPU
		{6F3BE383-EEA2-4DE1-9F1F-B7670A7FD732}.Debug|x64.Build.0 = Debug|Any CPU
		{6F3BE383-EEA2-4DE1-9F1F-B7670A7FD732}.Debug|x86.ActiveCfg = Debug|Any CPU
		{6F3BE383-EEA2-4DE1-9F1F-B7670A7FD732}.Debug|x86.Build.0 = Debug|Any CPU
		{6F3BE383-EEA2-4DE1-9F1F-B7670A7FD732}.Release|Any CPU.ActiveCfg = Release|Any CPU
		{6F3BE383-EEA2-4DE1-9F1F-B7670A7FD732}.Release|Any CPU.Build.0 = Release|Any CPU
		{6F3BE383-EEA2-4DE1-9F1F-B7670A7FD732}.Release|x64.ActiveCfg = Release|Any CPU
		{6F3BE383-EEA2-4DE1-9F1F-B7670A7FD732}.Release|x64.Build.0 = Release|Any CPU
		{6F3BE383-EEA2-4DE1-9F1F-B7670A7FD732}.Release|x86.ActiveCfg = Release|Any CPU
		{6F3BE383-EEA2-4DE1-9F1F-B7670A7FD732}.Release|x86.Build.0 = Release|Any CPU
	EndGlobalSection
	GlobalSection(SolutionProperties) = preSolution
		HideSolutionNode = FALSE
	EndGlobalSection
EndGlobal
